
Microsoft Visual Studio Solution File, Format Version 12.00
# Visual Studio 15
VisualStudioVersion = 15.0.27130.2020
MinimumVisualStudioVersion = 10.0.40219.1
Project("{FAE04EC0-301F-11D3-BF4B-00C04F79EFBC}") = "04 Cubic Assault", "04 Cubic Assault\04 Cubic Assault.csproj", "{17BC06BA-4524-4073-B9A2-6434A2425C95}"
EndProject
Project("{FAE04EC0-301F-11D3-BF4B-00C04F79EFBC}") = "00 test", "00 test\00 test.csproj", "{54AF93ED-F79B-4AF1-9147-E7677347CEE1}"
EndProject
Project("{FAE04EC0-301F-11D3-BF4B-00C04F79EFBC}") = "03 Cubic Messages", "03 Cubic Messages\03 Cubic Messages.csproj", "{03FB8104-0B12-4BDC-B938-4BD4C10C85A1}"
EndProject
Global
	GlobalSection(SolutionConfigurationPlatforms) = preSolution
		Debug|Any CPU = Debug|Any CPU
		Release|Any CPU = Release|Any CPU
	EndGlobalSection
	GlobalSection(ProjectConfigurationPlatforms) = postSolution
		{17BC06BA-4524-4073-B9A2-6434A2425C95}.Debug|Any CPU.ActiveCfg = Debug|Any CPU
		{17BC06BA-4524-4073-B9A2-6434A2425C95}.Debug|Any CPU.Build.0 = Debug|Any CPU
		{17BC06BA-4524-4073-B9A2-6434A2425C95}.Release|Any CPU.ActiveCfg = Release|Any CPU
		{17BC06BA-4524-4073-B9A2-6434A2425C95}.Release|Any CPU.Build.0 = Release|Any CPU
		{54AF93ED-F79B-4AF1-9147-E7677347CEE1}.Debug|Any CPU.ActiveCfg = Debug|Any CPU
		{54AF93ED-F79B-4AF1-9147-E7677347CEE1}.Debug|Any CPU.Build.0 = Debug|Any CPU
		{54AF93ED-F79B-4AF1-9147-E7677347CEE1}.Release|Any CPU.ActiveCfg = Release|Any CPU
		{54AF93ED-F79B-4AF1-9147-E7677347CEE1}.Release|Any CPU.Build.0 = Release|Any CPU
		{03FB8104-0B12-4BDC-B938-4BD4C10C85A1}.Debug|Any CPU.ActiveCfg = Debug|Any CPU
		{03FB8104-0B12-4BDC-B938-4BD4C10C85A1}.Debug|Any CPU.Build.0 = Debug|Any CPU
		{03FB8104-0B12-4BDC-B938-4BD4C10C85A1}.Release|Any CPU.ActiveCfg = Release|Any CPU
		{03FB8104-0B12-4BDC-B938-4BD4C10C85A1}.Release|Any CPU.Build.0 = Release|Any CPU
	EndGlobalSection
	GlobalSection(SolutionProperties) = preSolution
		HideSolutionNode = FALSE
	EndGlobalSection
	GlobalSection(ExtensibilityGlobals) = postSolution
		SolutionGuid = {65152225-564F-4F8C-8E37-071BCA20F69E}
	EndGlobalSection
EndGlobal
