
Microsoft Visual Studio Solution File, Format Version 12.00
# Visual Studio 15
VisualStudioVersion = 15.0.27130.2020
MinimumVisualStudioVersion = 10.0.40219.1
Project("{FAE04EC0-301F-11D3-BF4B-00C04F79EFBC}") = "04 Olympics Are Coming", "04 Olympics Are Coming\04 Olympics Are Coming.csproj", "{C18637ED-6ECF-465B-A653-1200620C701A}"
EndProject
Project("{FAE04EC0-301F-11D3-BF4B-00C04F79EFBC}") = "01 Command Interpreter", "01 Command Interpreter\01 Command Interpreter.csproj", "{E8651B20-9692-40C4-98C6-98F901CE822C}"
EndProject
Project("{FAE04EC0-301F-11D3-BF4B-00C04F79EFBC}") = "03 Text Transformer", "03 Text Transformer\03 Text Transformer.csproj", "{23648484-051C-4DC5-B6D0-1A5197ED6E20}"
EndProject
Global
	GlobalSection(SolutionConfigurationPlatforms) = preSolution
		Debug|Any CPU = Debug|Any CPU
		Release|Any CPU = Release|Any CPU
	EndGlobalSection
	GlobalSection(ProjectConfigurationPlatforms) = postSolution
		{C18637ED-6ECF-465B-A653-1200620C701A}.Debug|Any CPU.ActiveCfg = Debug|Any CPU
		{C18637ED-6ECF-465B-A653-1200620C701A}.Debug|Any CPU.Build.0 = Debug|Any CPU
		{C18637ED-6ECF-465B-A653-1200620C701A}.Release|Any CPU.ActiveCfg = Release|Any CPU
		{C18637ED-6ECF-465B-A653-1200620C701A}.Release|Any CPU.Build.0 = Release|Any CPU
		{E8651B20-9692-40C4-98C6-98F901CE822C}.Debug|Any CPU.ActiveCfg = Debug|Any CPU
		{E8651B20-9692-40C4-98C6-98F901CE822C}.Debug|Any CPU.Build.0 = Debug|Any CPU
		{E8651B20-9692-40C4-98C6-98F901CE822C}.Release|Any CPU.ActiveCfg = Release|Any CPU
		{E8651B20-9692-40C4-98C6-98F901CE822C}.Release|Any CPU.Build.0 = Release|Any CPU
		{23648484-051C-4DC5-B6D0-1A5197ED6E20}.Debug|Any CPU.ActiveCfg = Debug|Any CPU
		{23648484-051C-4DC5-B6D0-1A5197ED6E20}.Debug|Any CPU.Build.0 = Debug|Any CPU
		{23648484-051C-4DC5-B6D0-1A5197ED6E20}.Release|Any CPU.ActiveCfg = Release|Any CPU
		{23648484-051C-4DC5-B6D0-1A5197ED6E20}.Release|Any CPU.Build.0 = Release|Any CPU
	EndGlobalSection
	GlobalSection(SolutionProperties) = preSolution
		HideSolutionNode = FALSE
	EndGlobalSection
	GlobalSection(ExtensibilityGlobals) = postSolution
		SolutionGuid = {78AC8C75-4E2C-467D-B9D5-3CB53385D674}
	EndGlobalSection
EndGlobal
