
Microsoft Visual Studio Solution File, Format Version 12.00
# Visual Studio 15
VisualStudioVersion = 15.0.27130.2027
MinimumVisualStudioVersion = 10.0.40219.1
Project("{FAE04EC0-301F-11D3-BF4B-00C04F79EFBC}") = "01 Arrange Numbers", "01 Arrange Numbers\01 Arrange Numbers.csproj", "{B9731EDD-80A8-4C45-8028-53F15D6D0F9A}"
EndProject
Project("{FAE04EC0-301F-11D3-BF4B-00C04F79EFBC}") = "02 Monopoly", "02 Monopoly\02 Monopoly.csproj", "{88471309-36CA-41AD-9410-38E72A5FC383}"
EndProject
Global
	GlobalSection(SolutionConfigurationPlatforms) = preSolution
		Debug|Any CPU = Debug|Any CPU
		Release|Any CPU = Release|Any CPU
	EndGlobalSection
	GlobalSection(ProjectConfigurationPlatforms) = postSolution
		{B9731EDD-80A8-4C45-8028-53F15D6D0F9A}.Debug|Any CPU.ActiveCfg = Debug|Any CPU
		{B9731EDD-80A8-4C45-8028-53F15D6D0F9A}.Debug|Any CPU.Build.0 = Debug|Any CPU
		{B9731EDD-80A8-4C45-8028-53F15D6D0F9A}.Release|Any CPU.ActiveCfg = Release|Any CPU
		{B9731EDD-80A8-4C45-8028-53F15D6D0F9A}.Release|Any CPU.Build.0 = Release|Any CPU
		{88471309-36CA-41AD-9410-38E72A5FC383}.Debug|Any CPU.ActiveCfg = Debug|Any CPU
		{88471309-36CA-41AD-9410-38E72A5FC383}.Debug|Any CPU.Build.0 = Debug|Any CPU
		{88471309-36CA-41AD-9410-38E72A5FC383}.Release|Any CPU.ActiveCfg = Release|Any CPU
		{88471309-36CA-41AD-9410-38E72A5FC383}.Release|Any CPU.Build.0 = Release|Any CPU
	EndGlobalSection
	GlobalSection(SolutionProperties) = preSolution
		HideSolutionNode = FALSE
	EndGlobalSection
	GlobalSection(ExtensibilityGlobals) = postSolution
		SolutionGuid = {E4DA62EB-EA23-4B9F-9240-D686F316F8D2}
	EndGlobalSection
EndGlobal
