
Microsoft Visual Studio Solution File, Format Version 12.00
# Visual Studio 15
VisualStudioVersion = 15.0.27130.2027
MinimumVisualStudioVersion = 10.0.40219.1
Project("{FAE04EC0-301F-11D3-BF4B-00C04F79EFBC}") = "00 test", "00 test\00 test.csproj", "{26554AD7-2535-4F46-879E-CA995856D1B3}"
EndProject
Project("{FAE04EC0-301F-11D3-BF4B-00C04F79EFBC}") = "01 Key Revolver", "01 Key Revolver\01 Key Revolver.csproj", "{CFAB45F2-7549-4BB6-8512-6832BB993A10}"
EndProject
Project("{FAE04EC0-301F-11D3-BF4B-00C04F79EFBC}") = "02 Sneaking", "02 Sneaking\02 Sneaking.csproj", "{98400F73-DF50-4F27-B0AA-7DEB8B4A4877}"
EndProject
Project("{FAE04EC0-301F-11D3-BF4B-00C04F79EFBC}") = "03 Crypto Blockchain", "03 Crypto Blockchain\03 Crypto Blockchain.csproj", "{5327588B-F9AB-41B4-BB5F-9B42D63ED454}"
EndProject
Project("{FAE04EC0-301F-11D3-BF4B-00C04F79EFBC}") = "04 Hit List", "04 Hit List\04 Hit List.csproj", "{4C7F9C33-E651-498E-A3C8-1A019C4CB711}"
EndProject
Global
	GlobalSection(SolutionConfigurationPlatforms) = preSolution
		Debug|Any CPU = Debug|Any CPU
		Release|Any CPU = Release|Any CPU
	EndGlobalSection
	GlobalSection(ProjectConfigurationPlatforms) = postSolution
		{26554AD7-2535-4F46-879E-CA995856D1B3}.Debug|Any CPU.ActiveCfg = Debug|Any CPU
		{26554AD7-2535-4F46-879E-CA995856D1B3}.Debug|Any CPU.Build.0 = Debug|Any CPU
		{26554AD7-2535-4F46-879E-CA995856D1B3}.Release|Any CPU.ActiveCfg = Release|Any CPU
		{26554AD7-2535-4F46-879E-CA995856D1B3}.Release|Any CPU.Build.0 = Release|Any CPU
		{CFAB45F2-7549-4BB6-8512-6832BB993A10}.Debug|Any CPU.ActiveCfg = Debug|Any CPU
		{CFAB45F2-7549-4BB6-8512-6832BB993A10}.Debug|Any CPU.Build.0 = Debug|Any CPU
		{CFAB45F2-7549-4BB6-8512-6832BB993A10}.Release|Any CPU.ActiveCfg = Release|Any CPU
		{CFAB45F2-7549-4BB6-8512-6832BB993A10}.Release|Any CPU.Build.0 = Release|Any CPU
		{98400F73-DF50-4F27-B0AA-7DEB8B4A4877}.Debug|Any CPU.ActiveCfg = Debug|Any CPU
		{98400F73-DF50-4F27-B0AA-7DEB8B4A4877}.Debug|Any CPU.Build.0 = Debug|Any CPU
		{98400F73-DF50-4F27-B0AA-7DEB8B4A4877}.Release|Any CPU.ActiveCfg = Release|Any CPU
		{98400F73-DF50-4F27-B0AA-7DEB8B4A4877}.Release|Any CPU.Build.0 = Release|Any CPU
		{5327588B-F9AB-41B4-BB5F-9B42D63ED454}.Debug|Any CPU.ActiveCfg = Debug|Any CPU
		{5327588B-F9AB-41B4-BB5F-9B42D63ED454}.Debug|Any CPU.Build.0 = Debug|Any CPU
		{5327588B-F9AB-41B4-BB5F-9B42D63ED454}.Release|Any CPU.ActiveCfg = Release|Any CPU
		{5327588B-F9AB-41B4-BB5F-9B42D63ED454}.Release|Any CPU.Build.0 = Release|Any CPU
		{4C7F9C33-E651-498E-A3C8-1A019C4CB711}.Debug|Any CPU.ActiveCfg = Debug|Any CPU
		{4C7F9C33-E651-498E-A3C8-1A019C4CB711}.Debug|Any CPU.Build.0 = Debug|Any CPU
		{4C7F9C33-E651-498E-A3C8-1A019C4CB711}.Release|Any CPU.ActiveCfg = Release|Any CPU
		{4C7F9C33-E651-498E-A3C8-1A019C4CB711}.Release|Any CPU.Build.0 = Release|Any CPU
	EndGlobalSection
	GlobalSection(SolutionProperties) = preSolution
		HideSolutionNode = FALSE
	EndGlobalSection
	GlobalSection(ExtensibilityGlobals) = postSolution
		SolutionGuid = {6EDBD9BB-A518-4DB4-9344-A260E3D8171C}
	EndGlobalSection
EndGlobal
