
Microsoft Visual Studio Solution File, Format Version 12.00
# Visual Studio 15
VisualStudioVersion = 15.0.27130.2020
MinimumVisualStudioVersion = 10.0.40219.1
Project("{FAE04EC0-301F-11D3-BF4B-00C04F79EFBC}") = "01 Reverse Numbers with a Stack", "01 Reverse Numbers with a Stack\01 Reverse Numbers with a Stack.csproj", "{D66D33F0-84E8-4A55-A710-B44C523CF640}"
EndProject
Project("{FAE04EC0-301F-11D3-BF4B-00C04F79EFBC}") = "02 Basic Stack Operations", "02 Basic Stack Operations\02 Basic Stack Operations.csproj", "{5FC16AAF-729D-462A-99ED-A834D3257CD6}"
EndProject
Project("{FAE04EC0-301F-11D3-BF4B-00C04F79EFBC}") = "03 Maximum Element", "03 Maximum Element\03 Maximum Element.csproj", "{0757C99F-734B-4330-A9DF-AD7F750F3252}"
EndProject
Project("{FAE04EC0-301F-11D3-BF4B-00C04F79EFBC}") = "04 Basic Queue Operations", "04 Basic Queue Operations\04 Basic Queue Operations.csproj", "{5CB6C78B-DA48-429D-979D-C56940B6367A}"
EndProject
Project("{FAE04EC0-301F-11D3-BF4B-00C04F79EFBC}") = "05 Sequence With Queue", "05 Sequence With Queue\05 Sequence With Queue.csproj", "{9689F687-D1D2-4400-B466-E04F30853B76}"
EndProject
Project("{FAE04EC0-301F-11D3-BF4B-00C04F79EFBC}") = "06 Truck Tour", "06 Truck Tour\06 Truck Tour.csproj", "{1EE5AA60-3037-41EE-9E15-292FE5EDCAF5}"
EndProject
Global
	GlobalSection(SolutionConfigurationPlatforms) = preSolution
		Debug|Any CPU = Debug|Any CPU
		Release|Any CPU = Release|Any CPU
	EndGlobalSection
	GlobalSection(ProjectConfigurationPlatforms) = postSolution
		{D66D33F0-84E8-4A55-A710-B44C523CF640}.Debug|Any CPU.ActiveCfg = Debug|Any CPU
		{D66D33F0-84E8-4A55-A710-B44C523CF640}.Debug|Any CPU.Build.0 = Debug|Any CPU
		{D66D33F0-84E8-4A55-A710-B44C523CF640}.Release|Any CPU.ActiveCfg = Release|Any CPU
		{D66D33F0-84E8-4A55-A710-B44C523CF640}.Release|Any CPU.Build.0 = Release|Any CPU
		{5FC16AAF-729D-462A-99ED-A834D3257CD6}.Debug|Any CPU.ActiveCfg = Debug|Any CPU
		{5FC16AAF-729D-462A-99ED-A834D3257CD6}.Debug|Any CPU.Build.0 = Debug|Any CPU
		{5FC16AAF-729D-462A-99ED-A834D3257CD6}.Release|Any CPU.ActiveCfg = Release|Any CPU
		{5FC16AAF-729D-462A-99ED-A834D3257CD6}.Release|Any CPU.Build.0 = Release|Any CPU
		{0757C99F-734B-4330-A9DF-AD7F750F3252}.Debug|Any CPU.ActiveCfg = Debug|Any CPU
		{0757C99F-734B-4330-A9DF-AD7F750F3252}.Debug|Any CPU.Build.0 = Debug|Any CPU
		{0757C99F-734B-4330-A9DF-AD7F750F3252}.Release|Any CPU.ActiveCfg = Release|Any CPU
		{0757C99F-734B-4330-A9DF-AD7F750F3252}.Release|Any CPU.Build.0 = Release|Any CPU
		{5CB6C78B-DA48-429D-979D-C56940B6367A}.Debug|Any CPU.ActiveCfg = Debug|Any CPU
		{5CB6C78B-DA48-429D-979D-C56940B6367A}.Debug|Any CPU.Build.0 = Debug|Any CPU
		{5CB6C78B-DA48-429D-979D-C56940B6367A}.Release|Any CPU.ActiveCfg = Release|Any CPU
		{5CB6C78B-DA48-429D-979D-C56940B6367A}.Release|Any CPU.Build.0 = Release|Any CPU
		{9689F687-D1D2-4400-B466-E04F30853B76}.Debug|Any CPU.ActiveCfg = Debug|Any CPU
		{9689F687-D1D2-4400-B466-E04F30853B76}.Debug|Any CPU.Build.0 = Debug|Any CPU
		{9689F687-D1D2-4400-B466-E04F30853B76}.Release|Any CPU.ActiveCfg = Release|Any CPU
		{9689F687-D1D2-4400-B466-E04F30853B76}.Release|Any CPU.Build.0 = Release|Any CPU
		{1EE5AA60-3037-41EE-9E15-292FE5EDCAF5}.Debug|Any CPU.ActiveCfg = Debug|Any CPU
		{1EE5AA60-3037-41EE-9E15-292FE5EDCAF5}.Debug|Any CPU.Build.0 = Debug|Any CPU
		{1EE5AA60-3037-41EE-9E15-292FE5EDCAF5}.Release|Any CPU.ActiveCfg = Release|Any CPU
		{1EE5AA60-3037-41EE-9E15-292FE5EDCAF5}.Release|Any CPU.Build.0 = Release|Any CPU
	EndGlobalSection
	GlobalSection(SolutionProperties) = preSolution
		HideSolutionNode = FALSE
	EndGlobalSection
	GlobalSection(ExtensibilityGlobals) = postSolution
		SolutionGuid = {18BBC219-3FF4-4B7B-8C48-750D7688ECC7}
	EndGlobalSection
EndGlobal
